// !$*UTF8*$!
{
	archiveVersion = 1;
	classes = {
	};
	objectVersion = 55;
	objects = {

/* Begin PBXBuildFile section */
		7406C5DC2879218B00BAD674 /* Tests_iOS.swift in Sources */ = {isa = PBXBuildFile; fileRef = 7406C5DB2879218B00BAD674 /* Tests_iOS.swift */; };
		7406C5DE2879218B00BAD674 /* Tests_iOSLaunchTests.swift in Sources */ = {isa = PBXBuildFile; fileRef = 7406C5DD2879218B00BAD674 /* Tests_iOSLaunchTests.swift */; };
		7406C5E82879218B00BAD674 /* Tests_macOS.swift in Sources */ = {isa = PBXBuildFile; fileRef = 7406C5E72879218B00BAD674 /* Tests_macOS.swift */; };
		7406C5EA2879218B00BAD674 /* Tests_macOSLaunchTests.swift in Sources */ = {isa = PBXBuildFile; fileRef = 7406C5E92879218B00BAD674 /* Tests_macOSLaunchTests.swift */; };
		7406C5EB2879218B00BAD674 /* FriendsApp.swift in Sources */ = {isa = PBXBuildFile; fileRef = 7406C5C32879218A00BAD674 /* FriendsApp.swift */; };
		7406C5EC2879218B00BAD674 /* FriendsApp.swift in Sources */ = {isa = PBXBuildFile; fileRef = 7406C5C32879218A00BAD674 /* FriendsApp.swift */; };
		7406C5ED2879218B00BAD674 /* ContentView.swift in Sources */ = {isa = PBXBuildFile; fileRef = 7406C5C42879218A00BAD674 /* ContentView.swift */; };
		7406C5EE2879218B00BAD674 /* ContentView.swift in Sources */ = {isa = PBXBuildFile; fileRef = 7406C5C42879218A00BAD674 /* ContentView.swift */; };
		7406C5EF2879218B00BAD674 /* Assets.xcassets in Resources */ = {isa = PBXBuildFile; fileRef = 7406C5C52879218B00BAD674 /* Assets.xcassets */; };
		7406C5F02879218B00BAD674 /* Assets.xcassets in Resources */ = {isa = PBXBuildFile; fileRef = 7406C5C52879218B00BAD674 /* Assets.xcassets */; };
/* End PBXBuildFile section */

/* Begin PBXContainerItemProxy section */
		7406C5D82879218B00BAD674 /* PBXContainerItemProxy */ = {
			isa = PBXContainerItemProxy;
			containerPortal = 7406C5BE2879218A00BAD674 /* Project object */;
			proxyType = 1;
			remoteGlobalIDString = 7406C5C92879218B00BAD674;
			remoteInfo = "Friends (iOS)";
		};
		7406C5E42879218B00BAD674 /* PBXContainerItemProxy */ = {
			isa = PBXContainerItemProxy;
			containerPortal = 7406C5BE2879218A00BAD674 /* Project object */;
			proxyType = 1;
			remoteGlobalIDString = 7406C5CF2879218B00BAD674;
			remoteInfo = "Friends (macOS)";
		};
/* End PBXContainerItemProxy section */

/* Begin PBXFileReference section */
		7406C5C32879218A00BAD674 /* FriendsApp.swift */ = {isa = PBXFileReference; lastKnownFileType = sourcecode.swift; path = FriendsApp.swift; sourceTree = "<group>"; };
		7406C5C42879218A00BAD674 /* ContentView.swift */ = {isa = PBXFileReference; lastKnownFileType = sourcecode.swift; path = ContentView.swift; sourceTree = "<group>"; };
		7406C5C52879218B00BAD674 /* Assets.xcassets */ = {isa = PBXFileReference; lastKnownFileType = folder.assetcatalog; path = Assets.xcassets; sourceTree = "<group>"; };
		7406C5CA2879218B00BAD674 /* Friends.app */ = {isa = PBXFileReference; explicitFileType = wrapper.application; includeInIndex = 0; path = Friends.app; sourceTree = BUILT_PRODUCTS_DIR; };
		7406C5D02879218B00BAD674 /* Friends.app */ = {isa = PBXFileReference; explicitFileType = wrapper.application; includeInIndex = 0; path = Friends.app; sourceTree = BUILT_PRODUCTS_DIR; };
		7406C5D22879218B00BAD674 /* macOS.entitlements */ = {isa = PBXFileReference; lastKnownFileType = text.plist.entitlements; path = macOS.entitlements; sourceTree = "<group>"; };
		7406C5D72879218B00BAD674 /* Tests iOS.xctest */ = {isa = PBXFileReference; explicitFileType = wrapper.cfbundle; includeInIndex = 0; path = "Tests iOS.xctest"; sourceTree = BUILT_PRODUCTS_DIR; };
		7406C5DB2879218B00BAD674 /* Tests_iOS.swift */ = {isa = PBXFileReference; lastKnownFileType = sourcecode.swift; path = Tests_iOS.swift; sourceTree = "<group>"; };
		7406C5DD2879218B00BAD674 /* Tests_iOSLaunchTests.swift */ = {isa = PBXFileReference; lastKnownFileType = sourcecode.swift; path = Tests_iOSLaunchTests.swift; sourceTree = "<group>"; };
		7406C5E32879218B00BAD674 /* Tests macOS.xctest */ = {isa = PBXFileReference; explicitFileType = wrapper.cfbundle; includeInIndex = 0; path = "Tests macOS.xctest"; sourceTree = BUILT_PRODUCTS_DIR; };
		7406C5E72879218B00BAD674 /* Tests_macOS.swift */ = {isa = PBXFileReference; lastKnownFileType = sourcecode.swift; path = Tests_macOS.swift; sourceTree = "<group>"; };
		7406C5E92879218B00BAD674 /* Tests_macOSLaunchTests.swift */ = {isa = PBXFileReference; lastKnownFileType = sourcecode.swift; path = Tests_macOSLaunchTests.swift; sourceTree = "<group>"; };
/* End PBXFileReference section */

/* Begin PBXFrameworksBuildPhase section */
		7406C5C72879218B00BAD674 /* Frameworks */ = {
			isa = PBXFrameworksBuildPhase;
			buildActionMask = 2147483647;
			files = (
			);
			runOnlyForDeploymentPostprocessing = 0;
		};
		7406C5CD2879218B00BAD674 /* Frameworks */ = {
			isa = PBXFrameworksBuildPhase;
			buildActionMask = 2147483647;
			files = (
			);
			runOnlyForDeploymentPostprocessing = 0;
		};
		7406C5D42879218B00BAD674 /* Frameworks */ = {
			isa = PBXFrameworksBuildPhase;
			buildActionMask = 2147483647;
			files = (
			);
			runOnlyForDeploymentPostprocessing = 0;
		};
		7406C5E02879218B00BAD674 /* Frameworks */ = {
			isa = PBXFrameworksBuildPhase;
			buildActionMask = 2147483647;
			files = (
			);
			runOnlyForDeploymentPostprocessing = 0;
		};
/* End PBXFrameworksBuildPhase section */

/* Begin PBXGroup section */
		7406C5BD2879218A00BAD674 = {
			isa = PBXGroup;
			children = (
				7406C5C22879218A00BAD674 /* Shared */,
				7406C5D12879218B00BAD674 /* macOS */,
				7406C5DA2879218B00BAD674 /* Tests iOS */,
				7406C5E62879218B00BAD674 /* Tests macOS */,
				7406C5CB2879218B00BAD674 /* Products */,
			);
			sourceTree = "<group>";
		};
		7406C5C22879218A00BAD674 /* Shared */ = {
			isa = PBXGroup;
			children = (
				7406C5C32879218A00BAD674 /* FriendsApp.swift */,
				7406C5C42879218A00BAD674 /* ContentView.swift */,
				7406C5C52879218B00BAD674 /* Assets.xcassets */,
			);
			path = Shared;
			sourceTree = "<group>";
		};
		7406C5CB2879218B00BAD674 /* Products */ = {
			isa = PBXGroup;
			children = (
				7406C5CA2879218B00BAD674 /* Friends.app */,
				7406C5D02879218B00BAD674 /* Friends.app */,
				7406C5D72879218B00BAD674 /* Tests iOS.xctest */,
				7406C5E32879218B00BAD674 /* Tests macOS.xctest */,
			);
			name = Products;
			sourceTree = "<group>";
		};
		7406C5D12879218B00BAD674 /* macOS */ = {
			isa = PBXGroup;
			children = (
				7406C5D22879218B00BAD674 /* macOS.entitlements */,
			);
			path = macOS;
			sourceTree = "<group>";
		};
		7406C5DA2879218B00BAD674 /* Tests iOS */ = {
			isa = PBXGroup;
			children = (
				7406C5DB2879218B00BAD674 /* Tests_iOS.swift */,
				7406C5DD2879218B00BAD674 /* Tests_iOSLaunchTests.swift */,
			);
			path = "Tests iOS";
			sourceTree = "<group>";
		};
		7406C5E62879218B00BAD674 /* Tests macOS */ = {
			isa = PBXGroup;
			children = (
				7406C5E72879218B00BAD674 /* Tests_macOS.swift */,
				7406C5E92879218B00BAD674 /* Tests_macOSLaunchTests.swift */,
			);
			path = "Tests macOS";
			sourceTree = "<group>";
		};
/* End PBXGroup section */

/* Begin PBXNativeTarget section */
		7406C5C92879218B00BAD674 /* Friends (iOS) */ = {
			isa = PBXNativeTarget;
			buildConfigurationList = 7406C5F32879218B00BAD674 /* Build configuration list for PBXNativeTarget "Friends (iOS)" */;
			buildPhases = (
				7406C5C62879218B00BAD674 /* Sources */,
				7406C5C72879218B00BAD674 /* Frameworks */,
				7406C5C82879218B00BAD674 /* Resources */,
			);
			buildRules = (
			);
			dependencies = (
			);
			name = "Friends (iOS)";
			productName = "Friends (iOS)";
			productReference = 7406C5CA2879218B00BAD674 /* Friends.app */;
			productType = "com.apple.product-type.application";
		};
		7406C5CF2879218B00BAD674 /* Friends (macOS) */ = {
			isa = PBXNativeTarget;
			buildConfigurationList = 7406C5F62879218B00BAD674 /* Build configuration list for PBXNativeTarget "Friends (macOS)" */;
			buildPhases = (
				7406C5CC2879218B00BAD674 /* Sources */,
				7406C5CD2879218B00BAD674 /* Frameworks */,
				7406C5CE2879218B00BAD674 /* Resources */,
			);
			buildRules = (
			);
			dependencies = (
			);
			name = "Friends (macOS)";
			productName = "Friends (macOS)";
			productReference = 7406C5D02879218B00BAD674 /* Friends.app */;
			productType = "com.apple.product-type.application";
		};
		7406C5D62879218B00BAD674 /* Tests iOS */ = {
			isa = PBXNativeTarget;
			buildConfigurationList = 7406C5F92879218B00BAD674 /* Build configuration list for PBXNativeTarget "Tests iOS" */;
			buildPhases = (
				7406C5D32879218B00BAD674 /* Sources */,
				7406C5D42879218B00BAD674 /* Frameworks */,
				7406C5D52879218B00BAD674 /* Resources */,
			);
			buildRules = (
			);
			dependencies = (
				7406C5D92879218B00BAD674 /* PBXTargetDependency */,
			);
			name = "Tests iOS";
			productName = "Tests iOS";
			productReference = 7406C5D72879218B00BAD674 /* Tests iOS.xctest */;
			productType = "com.apple.product-type.bundle.ui-testing";
		};
		7406C5E22879218B00BAD674 /* Tests macOS */ = {
			isa = PBXNativeTarget;
			buildConfigurationList = 7406C5FC2879218B00BAD674 /* Build configuration list for PBXNativeTarget "Tests macOS" */;
			buildPhases = (
				7406C5DF2879218B00BAD674 /* Sources */,
				7406C5E02879218B00BAD674 /* Frameworks */,
				7406C5E12879218B00BAD674 /* Resources */,
			);
			buildRules = (
			);
			dependencies = (
				7406C5E52879218B00BAD674 /* PBXTargetDependency */,
			);
			name = "Tests macOS";
			productName = "Tests macOS";
			productReference = 7406C5E32879218B00BAD674 /* Tests macOS.xctest */;
			productType = "com.apple.product-type.bundle.ui-testing";
		};
/* End PBXNativeTarget section */

/* Begin PBXProject section */
		7406C5BE2879218A00BAD674 /* Project object */ = {
			isa = PBXProject;
			attributes = {
				BuildIndependentTargetsInParallel = 1;
				LastSwiftUpdateCheck = 1340;
				LastUpgradeCheck = 1340;
				TargetAttributes = {
					7406C5C92879218B00BAD674 = {
						CreatedOnToolsVersion = 13.4.1;
					};
					7406C5CF2879218B00BAD674 = {
						CreatedOnToolsVersion = 13.4.1;
					};
					7406C5D62879218B00BAD674 = {
						CreatedOnToolsVersion = 13.4.1;
						TestTargetID = 7406C5C92879218B00BAD674;
					};
					7406C5E22879218B00BAD674 = {
						CreatedOnToolsVersion = 13.4.1;
						TestTargetID = 7406C5CF2879218B00BAD674;
					};
				};
			};
			buildConfigurationList = 7406C5C12879218A00BAD674 /* Build configuration list for PBXProject "Friends" */;
			compatibilityVersion = "Xcode 13.0";
			developmentRegion = en;
			hasScannedForEncodings = 0;
			knownRegions = (
				en,
				Base,
			);
			mainGroup = 7406C5BD2879218A00BAD674;
			productRefGroup = 7406C5CB2879218B00BAD674 /* Products */;
			projectDirPath = "";
			projectRoot = "";
			targets = (
				7406C5C92879218B00BAD674 /* Friends (iOS) */,
				7406C5CF2879218B00BAD674 /* Friends (macOS) */,
				7406C5D62879218B00BAD674 /* Tests iOS */,
				7406C5E22879218B00BAD674 /* Tests macOS */,
			);
		};
/* End PBXProject section */

/* Begin PBXResourcesBuildPhase section */
		7406C5C82879218B00BAD674 /* Resources */ = {
			isa = PBXResourcesBuildPhase;
			buildActionMask = 2147483647;
			files = (
				7406C5EF2879218B00BAD674 /* Assets.xcassets in Resources */,
			);
			runOnlyForDeploymentPostprocessing = 0;
		};
		7406C5CE2879218B00BAD674 /* Resources */ = {
			isa = PBXResourcesBuildPhase;
			buildActionMask = 2147483647;
			files = (
				7406C5F02879218B00BAD674 /* Assets.xcassets in Resources */,
			);
			runOnlyForDeploymentPostprocessing = 0;
		};
		7406C5D52879218B00BAD674 /* Resources */ = {
			isa = PBXResourcesBuildPhase;
			buildActionMask = 2147483647;
			files = (
			);
			runOnlyForDeploymentPostprocessing = 0;
		};
		7406C5E12879218B00BAD674 /* Resources */ = {
			isa = PBXResourcesBuildPhase;
			buildActionMask = 2147483647;
			files = (
			);
			runOnlyForDeploymentPostprocessing = 0;
		};
/* End PBXResourcesBuildPhase section */

/* Begin PBXSourcesBuildPhase section */
		7406C5C62879218B00BAD674 /* Sources */ = {
			isa = PBXSourcesBuildPhase;
			buildActionMask = 2147483647;
			files = (
				7406C5ED2879218B00BAD674 /* ContentView.swift in Sources */,
				7406C5EB2879218B00BAD674 /* FriendsApp.swift in Sources */,
			);
			runOnlyForDeploymentPostprocessing = 0;
		};
		7406C5CC2879218B00BAD674 /* Sources */ = {
			isa = PBXSourcesBuildPhase;
			buildActionMask = 2147483647;
			files = (
				7406C5EE2879218B00BAD674 /* ContentView.swift in Sources */,
				7406C5EC2879218B00BAD674 /* FriendsApp.swift in Sources */,
			);
			runOnlyForDeploymentPostprocessing = 0;
		};
		7406C5D32879218B00BAD674 /* Sources */ = {
			isa = PBXSourcesBuildPhase;
			buildActionMask = 2147483647;
			files = (
				7406C5DE2879218B00BAD674 /* Tests_iOSLaunchTests.swift in Sources */,
				7406C5DC2879218B00BAD674 /* Tests_iOS.swift in Sources */,
			);
			runOnlyForDeploymentPostprocessing = 0;
		};
		7406C5DF2879218B00BAD674 /* Sources */ = {
			isa = PBXSourcesBuildPhase;
			buildActionMask = 2147483647;
			files = (
				7406C5EA2879218B00BAD674 /* Tests_macOSLaunchTests.swift in Sources */,
				7406C5E82879218B00BAD674 /* Tests_macOS.swift in Sources */,
			);
			runOnlyForDeploymentPostprocessing = 0;
		};
/* End PBXSourcesBuildPhase section */

/* Begin PBXTargetDependency section */
		7406C5D92879218B00BAD674 /* PBXTargetDependency */ = {
			isa = PBXTargetDependency;
			target = 7406C5C92879218B00BAD674 /* Friends (iOS) */;
			targetProxy = 7406C5D82879218B00BAD674 /* PBXContainerItemProxy */;
		};
		7406C5E52879218B00BAD674 /* PBXTargetDependency */ = {
			isa = PBXTargetDependency;
			target = 7406C5CF2879218B00BAD674 /* Friends (macOS) */;
			targetProxy = 7406C5E42879218B00BAD674 /* PBXContainerItemProxy */;
		};
/* End PBXTargetDependency section */

/* Begin XCBuildConfiguration section */
		7406C5F12879218B00BAD674 /* Debug */ = {
			isa = XCBuildConfiguration;
			buildSettings = {
				ALWAYS_SEARCH_USER_PATHS = NO;
				CLANG_ANALYZER_NONNULL = YES;
				CLANG_ANALYZER_NUMBER_OBJECT_CONVERSION = YES_AGGRESSIVE;
				CLANG_CXX_LANGUAGE_STANDARD = "gnu++17";
				CLANG_ENABLE_MODULES = YES;
				CLANG_ENABLE_OBJC_ARC = YES;
				CLANG_ENABLE_OBJC_WEAK = YES;
				CLANG_WARN_BLOCK_CAPTURE_AUTORELEASING = YES;
				CLANG_WARN_BOOL_CONVERSION = YES;
				CLANG_WARN_COMMA = YES;
				CLANG_WARN_CONSTANT_CONVERSION = YES;
				CLANG_WARN_DEPRECATED_OBJC_IMPLEMENTATIONS = YES;
				CLANG_WARN_DIRECT_OBJC_ISA_USAGE = YES_ERROR;
				CLANG_WARN_DOCUMENTATION_COMMENTS = YES;
				CLANG_WARN_EMPTY_BODY = YES;
				CLANG_WARN_ENUM_CONVERSION = YES;
				CLANG_WARN_INFINITE_RECURSION = YES;
				CLANG_WARN_INT_CONVERSION = YES;
				CLANG_WARN_NON_LITERAL_NULL_CONVERSION = YES;
				CLANG_WARN_OBJC_IMPLICIT_RETAIN_SELF = YES;
				CLANG_WARN_OBJC_LITERAL_CONVERSION = YES;
				CLANG_WARN_OBJC_ROOT_CLASS = YES_ERROR;
				CLANG_WARN_QUOTED_INCLUDE_IN_FRAMEWORK_HEADER = YES;
				CLANG_WARN_RANGE_LOOP_ANALYSIS = YES;
				CLANG_WARN_STRICT_PROTOTYPES = YES;
				CLANG_WARN_SUSPICIOUS_MOVE = YES;
				CLANG_WARN_UNGUARDED_AVAILABILITY = YES_AGGRESSIVE;
				CLANG_WARN_UNREACHABLE_CODE = YES;
				CLANG_WARN__DUPLICATE_METHOD_MATCH = YES;
				COPY_PHASE_STRIP = NO;
				DEBUG_INFORMATION_FORMAT = dwarf;
				ENABLE_STRICT_OBJC_MSGSEND = YES;
				ENABLE_TESTABILITY = YES;
				GCC_C_LANGUAGE_STANDARD = gnu11;
				GCC_DYNAMIC_NO_PIC = NO;
				GCC_NO_COMMON_BLOCKS = YES;
				GCC_OPTIMIZATION_LEVEL = 0;
				GCC_PREPROCESSOR_DEFINITIONS = (
					"DEBUG=1",
					"$(inherited)",
				);
				GCC_WARN_64_TO_32_BIT_CONVERSION = YES;
				GCC_WARN_ABOUT_RETURN_TYPE = YES_ERROR;
				GCC_WARN_UNDECLARED_SELECTOR = YES;
				GCC_WARN_UNINITIALIZED_AUTOS = YES_AGGRESSIVE;
				GCC_WARN_UNUSED_FUNCTION = YES;
				GCC_WARN_UNUSED_VARIABLE = YES;
				MTL_ENABLE_DEBUG_INFO = INCLUDE_SOURCE;
				MTL_FAST_MATH = YES;
				ONLY_ACTIVE_ARCH = YES;
				SWIFT_ACTIVE_COMPILATION_CONDITIONS = DEBUG;
				SWIFT_OPTIMIZATION_LEVEL = "-Onone";
			};
			name = Debug;
		};
		7406C5F22879218B00BAD674 /* Release */ = {
			isa = XCBuildConfiguration;
			buildSettings = {
				ALWAYS_SEARCH_USER_PATHS = NO;
				CLANG_ANALYZER_NONNULL = YES;
				CLANG_ANALYZER_NUMBER_OBJECT_CONVERSION = YES_AGGRESSIVE;
				CLANG_CXX_LANGUAGE_STANDARD = "gnu++17";
				CLANG_ENABLE_MODULES = YES;
				CLANG_ENABLE_OBJC_ARC = YES;
				CLANG_ENABLE_OBJC_WEAK = YES;
				CLANG_WARN_BLOCK_CAPTURE_AUTORELEASING = YES;
				CLANG_WARN_BOOL_CONVERSION = YES;
				CLANG_WARN_COMMA = YES;
				CLANG_WARN_CONSTANT_CONVERSION = YES;
				CLANG_WARN_DEPRECATED_OBJC_IMPLEMENTATIONS = YES;
				CLANG_WARN_DIRECT_OBJC_ISA_USAGE = YES_ERROR;
				CLANG_WARN_DOCUMENTATION_COMMENTS = YES;
				CLANG_WARN_EMPTY_BODY = YES;
				CLANG_WARN_ENUM_CONVERSION = YES;
				CLANG_WARN_INFINITE_RECURSION = YES;
				CLANG_WARN_INT_CONVERSION = YES;
				CLANG_WARN_NON_LITERAL_NULL_CONVERSION = YES;
				CLANG_WARN_OBJC_IMPLICIT_RETAIN_SELF = YES;
				CLANG_WARN_OBJC_LITERAL_CONVERSION = YES;
				CLANG_WARN_OBJC_ROOT_CLASS = YES_ERROR;
				CLANG_WARN_QUOTED_INCLUDE_IN_FRAMEWORK_HEADER = YES;
				CLANG_WARN_RANGE_LOOP_ANALYSIS = YES;
				CLANG_WARN_STRICT_PROTOTYPES = YES;
				CLANG_WARN_SUSPICIOUS_MOVE = YES;
				CLANG_WARN_UNGUARDED_AVAILABILITY = YES_AGGRESSIVE;
				CLANG_WARN_UNREACHABLE_CODE = YES;
				CLANG_WARN__DUPLICATE_METHOD_MATCH = YES;
				COPY_PHASE_STRIP = NO;
				DEBUG_INFORMATION_FORMAT = "dwarf-with-dsym";
				ENABLE_NS_ASSERTIONS = NO;
				ENABLE_STRICT_OBJC_MSGSEND = YES;
				GCC_C_LANGUAGE_STANDARD = gnu11;
				GCC_NO_COMMON_BLOCKS = YES;
				GCC_WARN_64_TO_32_BIT_CONVERSION = YES;
				GCC_WARN_ABOUT_RETURN_TYPE = YES_ERROR;
				GCC_WARN_UNDECLARED_SELECTOR = YES;
				GCC_WARN_UNINITIALIZED_AUTOS = YES_AGGRESSIVE;
				GCC_WARN_UNUSED_FUNCTION = YES;
				GCC_WARN_UNUSED_VARIABLE = YES;
				MTL_ENABLE_DEBUG_INFO = NO;
				MTL_FAST_MATH = YES;
				SWIFT_COMPILATION_MODE = wholemodule;
				SWIFT_OPTIMIZATION_LEVEL = "-O";
			};
			name = Release;
		};
		7406C5F42879218B00BAD674 /* Debug */ = {
			isa = XCBuildConfiguration;
			buildSettings = {
				ASSETCATALOG_COMPILER_APPICON_NAME = AppIcon;
				ASSETCATALOG_COMPILER_GLOBAL_ACCENT_COLOR_NAME = AccentColor;
				CODE_SIGN_STYLE = Automatic;
				CURRENT_PROJECT_VERSION = 1;
				ENABLE_PREVIEWS = YES;
				GENERATE_INFOPLIST_FILE = YES;
				INFOPLIST_KEY_UIApplicationSceneManifest_Generation = YES;
				INFOPLIST_KEY_UIApplicationSupportsIndirectInputEvents = YES;
				INFOPLIST_KEY_UILaunchScreen_Generation = YES;
				INFOPLIST_KEY_UISupportedInterfaceOrientations_iPad = "UIInterfaceOrientationPortrait UIInterfaceOrientationPortraitUpsideDown UIInterfaceOrientationLandscapeLeft UIInterfaceOrientationLandscapeRight";
				INFOPLIST_KEY_UISupportedInterfaceOrientations_iPhone = "UIInterfaceOrientationPortrait UIInterfaceOrientationLandscapeLeft UIInterfaceOrientationLandscapeRight";
				IPHONEOS_DEPLOYMENT_TARGET = 15.5;
				LD_RUNPATH_SEARCH_PATHS = (
					"$(inherited)",
					"@executable_path/Frameworks",
				);
				MARKETING_VERSION = 1.0;
				PRODUCT_BUNDLE_IDENTIFIER = tk.sg.Friends;
				PRODUCT_NAME = Friends;
				SDKROOT = iphoneos;
				SWIFT_EMIT_LOC_STRINGS = YES;
				SWIFT_VERSION = 5.0;
				TARGETED_DEVICE_FAMILY = "1,2";
			};
			name = Debug;
		};
		7406C5F52879218B00BAD674 /* Release */ = {
			isa = XCBuildConfiguration;
			buildSettings = {
				ASSETCATALOG_COMPILER_APPICON_NAME = AppIcon;
				ASSETCATALOG_COMPILER_GLOBAL_ACCENT_COLOR_NAME = AccentColor;
				CODE_SIGN_STYLE = Automatic;
				CURRENT_PROJECT_VERSION = 1;
				ENABLE_PREVIEWS = YES;
				GENERATE_INFOPLIST_FILE = YES;
				INFOPLIST_KEY_UIApplicationSceneManifest_Generation = YES;
				INFOPLIST_KEY_UIApplicationSupportsIndirectInputEvents = YES;
				INFOPLIST_KEY_UILaunchScreen_Generation = YES;
				INFOPLIST_KEY_UISupportedInterfaceOrientations_iPad = "UIInterfaceOrientationPortrait UIInterfaceOrientationPortraitUpsideDown UIInterfaceOrientationLandscapeLeft UIInterfaceOrientationLandscapeRight";
				INFOPLIST_KEY_UISupportedInterfaceOrientations_iPhone = "UIInterfaceOrientationPortrait UIInterfaceOrientationLandscapeLeft UIInterfaceOrientationLandscapeRight";
				IPHONEOS_DEPLOYMENT_TARGET = 15.5;
				LD_RUNPATH_SEARCH_PATHS = (
					"$(inherited)",
					"@executable_path/Frameworks",
				);
				MARKETING_VERSION = 1.0;
				PRODUCT_BUNDLE_IDENTIFIER = tk.sg.Friends;
				PRODUCT_NAME = Friends;
				SDKROOT = iphoneos;
				SWIFT_EMIT_LOC_STRINGS = YES;
				SWIFT_VERSION = 5.0;
				TARGETED_DEVICE_FAMILY = "1,2";
				VALIDATE_PRODUCT = YES;
			};
			name = Release;
		};
		7406C5F72879218B00BAD674 /* Debug */ = {
			isa = XCBuildConfiguration;
			buildSettings = {
				ASSETCATALOG_COMPILER_APPICON_NAME = AppIcon;
				ASSETCATALOG_COMPILER_GLOBAL_ACCENT_COLOR_NAME = AccentColor;
				CODE_SIGN_ENTITLEMENTS = macOS/macOS.entitlements;
				CODE_SIGN_STYLE = Automatic;
				COMBINE_HIDPI_IMAGES = YES;
				CURRENT_PROJECT_VERSION = 1;
				ENABLE_PREVIEWS = YES;
				GENERATE_INFOPLIST_FILE = YES;
				INFOPLIST_KEY_NSHumanReadableCopyright = "";
				LD_RUNPATH_SEARCH_PATHS = (
					"$(inherited)",
					"@executable_path/../Frameworks",
				);
				MACOSX_DEPLOYMENT_TARGET = 12.3;
				MARKETING_VERSION = 1.0;
				PRODUCT_BUNDLE_IDENTIFIER = tk.sg.Friends;
				PRODUCT_NAME = Friends;
				SDKROOT = macosx;
				SWIFT_EMIT_LOC_STRINGS = YES;
				SWIFT_VERSION = 5.0;
			};
			name = Debug;
		};
		7406C5F82879218B00BAD674 /* Release */ = {
			isa = XCBuildConfiguration;
			buildSettings = {
				ASSETCATALOG_COMPILER_APPICON_NAME = AppIcon;
				ASSETCATALOG_COMPILER_GLOBAL_ACCENT_COLOR_NAME = AccentColor;
				CODE_SIGN_ENTITLEMENTS = macOS/macOS.entitlements;
				CODE_SIGN_STYLE = Automatic;
				COMBINE_HIDPI_IMAGES = YES;
				CURRENT_PROJECT_VERSION = 1;
				ENABLE_PREVIEWS = YES;
				GENERATE_INFOPLIST_FILE = YES;
				INFOPLIST_KEY_NSHumanReadableCopyright = "";
				LD_RUNPATH_SEARCH_PATHS = (
					"$(inherited)",
					"@executable_path/../Frameworks",
				);
				MACOSX_DEPLOYMENT_TARGET = 12.3;
				MARKETING_VERSION = 1.0;
				PRODUCT_BUNDLE_IDENTIFIER = tk.sg.Friends;
				PRODUCT_NAME = Friends;
				SDKROOT = macosx;
				SWIFT_EMIT_LOC_STRINGS = YES;
				SWIFT_VERSION = 5.0;
			};
			name = Release;
		};
		7406C5FA2879218B00BAD674 /* Debug */ = {
			isa = XCBuildConfiguration;
			buildSettings = {
				ALWAYS_EMBED_SWIFT_STANDARD_LIBRARIES = YES;
				CODE_SIGN_STYLE = Automatic;
				CURRENT_PROJECT_VERSION = 1;
				GENERATE_INFOPLIST_FILE = YES;
				IPHONEOS_DEPLOYMENT_TARGET = 15.5;
				MARKETING_VERSION = 1.0;
				PRODUCT_BUNDLE_IDENTIFIER = "tk.sg.Tests-iOS";
				PRODUCT_NAME = "$(TARGET_NAME)";
				SDKROOT = iphoneos;
				SWIFT_EMIT_LOC_STRINGS = NO;
				SWIFT_VERSION = 5.0;
				TARGETED_DEVICE_FAMILY = "1,2";
				TEST_TARGET_NAME = "Friends (iOS)";
			};
			name = Debug;
		};
		7406C5FB2879218B00BAD674 /* Release */ = {
			isa = XCBuildConfiguration;
			buildSettings = {
				ALWAYS_EMBED_SWIFT_STANDARD_LIBRARIES = YES;
				CODE_SIGN_STYLE = Automatic;
				CURRENT_PROJECT_VERSION = 1;
				GENERATE_INFOPLIST_FILE = YES;
				IPHONEOS_DEPLOYMENT_TARGET = 15.5;
				MARKETING_VERSION = 1.0;
				PRODUCT_BUNDLE_IDENTIFIER = "tk.sg.Tests-iOS";
				PRODUCT_NAME = "$(TARGET_NAME)";
				SDKROOT = iphoneos;
				SWIFT_EMIT_LOC_STRINGS = NO;
				SWIFT_VERSION = 5.0;
				TARGETED_DEVICE_FAMILY = "1,2";
				TEST_TARGET_NAME = "Friends (iOS)";
				VALIDATE_PRODUCT = YES;
			};
			name = Release;
		};
		7406C5FD2879218B00BAD674 /* Debug */ = {
			isa = XCBuildConfiguration;
			buildSettings = {
				ALWAYS_EMBED_SWIFT_STANDARD_LIBRARIES = YES;
				CODE_SIGN_STYLE = Automatic;
				CURRENT_PROJECT_VERSION = 1;
				GENERATE_INFOPLIST_FILE = YES;
				MACOSX_DEPLOYMENT_TARGET = 12.3;
				MARKETING_VERSION = 1.0;
				PRODUCT_BUNDLE_IDENTIFIER = "tk.sg.Tests-macOS";
				PRODUCT_NAME = "$(TARGET_NAME)";
				SDKROOT = macosx;
				SWIFT_EMIT_LOC_STRINGS = NO;
				SWIFT_VERSION = 5.0;
				TEST_TARGET_NAME = "Friends (macOS)";
			};
			name = Debug;
		};
		7406C5FE2879218B00BAD674 /* Release */ = {
			isa = XCBuildConfiguration;
			buildSettings = {
				ALWAYS_EMBED_SWIFT_STANDARD_LIBRARIES = YES;
				CODE_SIGN_STYLE = Automatic;
				CURRENT_PROJECT_VERSION = 1;
				GENERATE_INFOPLIST_FILE = YES;
				MACOSX_DEPLOYMENT_TARGET = 12.3;
				MARKETING_VERSION = 1.0;
				PRODUCT_BUNDLE_IDENTIFIER = "tk.sg.Tests-macOS";
				PRODUCT_NAME = "$(TARGET_NAME)";
				SDKROOT = macosx;
				SWIFT_EMIT_LOC_STRINGS = NO;
				SWIFT_VERSION = 5.0;
				TEST_TARGET_NAME = "Friends (macOS)";
			};
			name = Release;
		};
/* End XCBuildConfiguration section */

/* Begin XCConfigurationList section */
		7406C5C12879218A00BAD674 /* Build configuration list for PBXProject "Friends" */ = {
			isa = XCConfigurationList;
			buildConfigurations = (
				7406C5F12879218B00BAD674 /* Debug */,
				7406C5F22879218B00BAD674 /* Release */,
			);
			defaultConfigurationIsVisible = 0;
			defaultConfigurationName = Release;
		};
		7406C5F32879218B00BAD674 /* Build configuration list for PBXNativeTarget "Friends (iOS)" */ = {
			isa = XCConfigurationList;
			buildConfigurations = (
				7406C5F42879218B00BAD674 /* Debug */,
				7406C5F52879218B00BAD674 /* Release */,
			);
			defaultConfigurationIsVisible = 0;
			defaultConfigurationName = Release;
		};
		7406C5F62879218B00BAD674 /* Build configuration list for PBXNativeTarget "Friends (macOS)" */ = {
			isa = XCConfigurationList;
			buildConfigurations = (
				7406C5F72879218B00BAD674 /* Debug */,
				7406C5F82879218B00BAD674 /* Release */,
			);
			defaultConfigurationIsVisible = 0;
			defaultConfigurationName = Release;
		};
		7406C5F92879218B00BAD674 /* Build configuration list for PBXNativeTarget "Tests iOS" */ = {
			isa = XCConfigurationList;
			buildConfigurations = (
				7406C5FA2879218B00BAD674 /* Debug */,
				7406C5FB2879218B00BAD674 /* Release */,
			);
			defaultConfigurationIsVisible = 0;
			defaultConfigurationName = Release;
		};
		7406C5FC2879218B00BAD674 /* Build configuration list for PBXNativeTarget "Tests macOS" */ = {
			isa = XCConfigurationList;
			buildConfigurations = (
				7406C5FD2879218B00BAD674 /* Debug */,
				7406C5FE2879218B00BAD674 /* Release */,
			);
			defaultConfigurationIsVisible = 0;
			defaultConfigurationName = Release;
		};
/* End XCConfigurationList section */
	};
	rootObject = 7406C5BE2879218A00BAD674 /* Project object */;
}
